
Microsoft Visual Studio Solution File, Format Version 12.00
# Visual Studio Version 17
VisualStudioVersion = 17.7.34202.233
MinimumVisualStudioVersion = 10.0.40219.1
Project("{FAE04EC0-301F-11D3-BF4B-00C04F79EFBC}") = "SRR", "SRR.csproj", "{110B5687-EE2D-44F3-8991-80F42AAA30A9}"
EndProject
Global
	GlobalSection(SolutionConfigurationPlatforms) = preSolution
		Debug|Any CPU = Debug|Any CPU
		Release|Any CPU = Release|Any CPU
	EndGlobalSection
	GlobalSection(ProjectConfigurationPlatforms) = postSolution
		{110B5687-EE2D-44F3-8991-80F42AAA30A9}.Debug|Any CPU.ActiveCfg = Debug|Any CPU
		{110B5687-EE2D-44F3-8991-80F42AAA30A9}.Debug|Any CPU.Build.0 = Debug|Any CPU
		{110B5687-EE2D-44F3-8991-80F42AAA30A9}.Release|Any CPU.ActiveCfg = Release|Any CPU
		{110B5687-EE2D-44F3-8991-80F42AAA30A9}.Release|Any CPU.Build.0 = Release|Any CPU
	EndGlobalSection
	GlobalSection(SolutionProperties) = preSolution
		HideSolutionNode = FALSE
	EndGlobalSection
	GlobalSection(ExtensibilityGlobals) = postSolution
		SolutionGuid = {BFEEA5A8-642D-4A55-89C4-BE54A5B31610}
	EndGlobalSection
EndGlobal
